// !$*UTF8*$!
{
	archiveVersion = 1;
	classes = {
	};
	objectVersion = 50;
	objects = {

/* Begin PBXBuildFile section */
		7227430F29A9006B003585C8 /* AppDelegate.swift in Sources */ = {isa = PBXBuildFile; fileRef = 7227430E29A9006B003585C8 /* AppDelegate.swift */; };
		7227431129A9006B003585C8 /* SceneDelegate.swift in Sources */ = {isa = PBXBuildFile; fileRef = 7227431029A9006B003585C8 /* SceneDelegate.swift */; };
		7227431329A9006B003585C8 /* ViewController.swift in Sources */ = {isa = PBXBuildFile; fileRef = 7227431229A9006B003585C8 /* ViewController.swift */; };
		7227431629A9006B003585C8 /* Main.storyboard in Resources */ = {isa = PBXBuildFile; fileRef = 7227431429A9006B003585C8 /* Main.storyboard */; };
		7227431829A9006C003585C8 /* Assets.xcassets in Resources */ = {isa = PBXBuildFile; fileRef = 7227431729A9006C003585C8 /* Assets.xcassets */; };
		7227431B29A9006C003585C8 /* LaunchScreen.storyboard in Resources */ = {isa = PBXBuildFile; fileRef = 7227431929A9006C003585C8 /* LaunchScreen.storyboard */; };
		7227432629A9006C003585C8 /* mikityamaTests.swift in Sources */ = {isa = PBXBuildFile; fileRef = 7227432529A9006C003585C8 /* mikityamaTests.swift */; };
		7227433129A9006C003585C8 /* mikityamaUITests.swift in Sources */ = {isa = PBXBuildFile; fileRef = 7227433029A9006C003585C8 /* mikityamaUITests.swift */; };
/* End PBXBuildFile section */

/* Begin PBXContainerItemProxy section */
		7227432229A9006C003585C8 /* PBXContainerItemProxy */ = {
			isa = PBXContainerItemProxy;
			containerPortal = 7227430329A9006B003585C8 /* Project object */;
			proxyType = 1;
			remoteGlobalIDString = 7227430A29A9006B003585C8;
			remoteInfo = mikityama;
		};
		7227432D29A9006C003585C8 /* PBXContainerItemProxy */ = {
			isa = PBXContainerItemProxy;
			containerPortal = 7227430329A9006B003585C8 /* Project object */;
			proxyType = 1;
			remoteGlobalIDString = 7227430A29A9006B003585C8;
			remoteInfo = mikityama;
		};
/* End PBXContainerItemProxy section */

/* Begin PBXFileReference section */
		7227430B29A9006B003585C8 /* mikityama.app */ = {isa = PBXFileReference; explicitFileType = wrapper.application; includeInIndex = 0; path = mikityama.app; sourceTree = BUILT_PRODUCTS_DIR; };
		7227430E29A9006B003585C8 /* AppDelegate.swift */ = {isa = PBXFileReference; lastKnownFileType = sourcecode.swift; path = AppDelegate.swift; sourceTree = "<group>"; };
		7227431029A9006B003585C8 /* SceneDelegate.swift */ = {isa = PBXFileReference; lastKnownFileType = sourcecode.swift; path = SceneDelegate.swift; sourceTree = "<group>"; };
		7227431229A9006B003585C8 /* ViewController.swift */ = {isa = PBXFileReference; lastKnownFileType = sourcecode.swift; path = ViewController.swift; sourceTree = "<group>"; };
		7227431529A9006B003585C8 /* Base */ = {isa = PBXFileReference; lastKnownFileType = file.storyboard; name = Base; path = Base.lproj/Main.storyboard; sourceTree = "<group>"; };
		7227431729A9006C003585C8 /* Assets.xcassets */ = {isa = PBXFileReference; lastKnownFileType = folder.assetcatalog; path = Assets.xcassets; sourceTree = "<group>"; };
		7227431A29A9006C003585C8 /* Base */ = {isa = PBXFileReference; lastKnownFileType = file.storyboard; name = Base; path = Base.lproj/LaunchScreen.storyboard; sourceTree = "<group>"; };
		7227431C29A9006C003585C8 /* Info.plist */ = {isa = PBXFileReference; lastKnownFileType = text.plist.xml; path = Info.plist; sourceTree = "<group>"; };
		7227432129A9006C003585C8 /* mikityamaTests.xctest */ = {isa = PBXFileReference; explicitFileType = wrapper.cfbundle; includeInIndex = 0; path = mikityamaTests.xctest; sourceTree = BUILT_PRODUCTS_DIR; };
		7227432529A9006C003585C8 /* mikityamaTests.swift */ = {isa = PBXFileReference; lastKnownFileType = sourcecode.swift; path = mikityamaTests.swift; sourceTree = "<group>"; };
		7227432729A9006C003585C8 /* Info.plist */ = {isa = PBXFileReference; lastKnownFileType = text.plist.xml; path = Info.plist; sourceTree = "<group>"; };
		7227432C29A9006C003585C8 /* mikityamaUITests.xctest */ = {isa = PBXFileReference; explicitFileType = wrapper.cfbundle; includeInIndex = 0; path = mikityamaUITests.xctest; sourceTree = BUILT_PRODUCTS_DIR; };
		7227433029A9006C003585C8 /* mikityamaUITests.swift */ = {isa = PBXFileReference; lastKnownFileType = sourcecode.swift; path = mikityamaUITests.swift; sourceTree = "<group>"; };
		7227433229A9006C003585C8 /* Info.plist */ = {isa = PBXFileReference; lastKnownFileType = text.plist.xml; path = Info.plist; sourceTree = "<group>"; };
/* End PBXFileReference section */

/* Begin PBXFrameworksBuildPhase section */
		7227430829A9006B003585C8 /* Frameworks */ = {
			isa = PBXFrameworksBuildPhase;
			buildActionMask = 2147483647;
			files = (
			);
			runOnlyForDeploymentPostprocessing = 0;
		};
		7227431E29A9006C003585C8 /* Frameworks */ = {
			isa = PBXFrameworksBuildPhase;
			buildActionMask = 2147483647;
			files = (
			);
			runOnlyForDeploymentPostprocessing = 0;
		};
		7227432929A9006C003585C8 /* Frameworks */ = {
			isa = PBXFrameworksBuildPhase;
			buildActionMask = 2147483647;
			files = (
			);
			runOnlyForDeploymentPostprocessing = 0;
		};
/* End PBXFrameworksBuildPhase section */

/* Begin PBXGroup section */
		7227430229A9006B003585C8 = {
			isa = PBXGroup;
			children = (
				7227430D29A9006B003585C8 /* mikityama */,
				7227432429A9006C003585C8 /* mikityamaTests */,
				7227432F29A9006C003585C8 /* mikityamaUITests */,
				7227430C29A9006B003585C8 /* Products */,
			);
			sourceTree = "<group>";
		};
		7227430C29A9006B003585C8 /* Products */ = {
			isa = PBXGroup;
			children = (
				7227430B29A9006B003585C8 /* mikityama.app */,
				7227432129A9006C003585C8 /* mikityamaTests.xctest */,
				7227432C29A9006C003585C8 /* mikityamaUITests.xctest */,
			);
			name = Products;
			sourceTree = "<group>";
		};
		7227430D29A9006B003585C8 /* mikityama */ = {
			isa = PBXGroup;
			children = (
				7227430E29A9006B003585C8 /* AppDelegate.swift */,
				7227431029A9006B003585C8 /* SceneDelegate.swift */,
				7227431229A9006B003585C8 /* ViewController.swift */,
				7227431429A9006B003585C8 /* Main.storyboard */,
				7227431729A9006C003585C8 /* Assets.xcassets */,
				7227431929A9006C003585C8 /* LaunchScreen.storyboard */,
				7227431C29A9006C003585C8 /* Info.plist */,
			);
			path = mikityama;
			sourceTree = "<group>";
		};
		7227432429A9006C003585C8 /* mikityamaTests */ = {
			isa = PBXGroup;
			children = (
				7227432529A9006C003585C8 /* mikityamaTests.swift */,
				7227432729A9006C003585C8 /* Info.plist */,
			);
			path = mikityamaTests;
			sourceTree = "<group>";
		};
		7227432F29A9006C003585C8 /* mikityamaUITests */ = {
			isa = PBXGroup;
			children = (
				7227433029A9006C003585C8 /* mikityamaUITests.swift */,
				7227433229A9006C003585C8 /* Info.plist */,
			);
			path = mikityamaUITests;
			sourceTree = "<group>";
		};
/* End PBXGroup section */

/* Begin PBXNativeTarget section */
		7227430A29A9006B003585C8 /* mikityama */ = {
			isa = PBXNativeTarget;
			buildConfigurationList = 7227433529A9006C003585C8 /* Build configuration list for PBXNativeTarget "mikityama" */;
			buildPhases = (
				7227430729A9006B003585C8 /* Sources */,
				7227430829A9006B003585C8 /* Frameworks */,
				7227430929A9006B003585C8 /* Resources */,
			);
			buildRules = (
			);
			dependencies = (
			);
			name = mikityama;
			productName = mikityama;
			productReference = 7227430B29A9006B003585C8 /* mikityama.app */;
			productType = "com.apple.product-type.application";
		};
		7227432029A9006C003585C8 /* mikityamaTests */ = {
			isa = PBXNativeTarget;
			buildConfigurationList = 7227433829A9006C003585C8 /* Build configuration list for PBXNativeTarget "mikityamaTests" */;
			buildPhases = (
				7227431D29A9006C003585C8 /* Sources */,
				7227431E29A9006C003585C8 /* Frameworks */,
				7227431F29A9006C003585C8 /* Resources */,
			);
			buildRules = (
			);
			dependencies = (
				7227432329A9006C003585C8 /* PBXTargetDependency */,
			);
			name = mikityamaTests;
			productName = mikityamaTests;
			productReference = 7227432129A9006C003585C8 /* mikityamaTests.xctest */;
			productType = "com.apple.product-type.bundle.unit-test";
		};
		7227432B29A9006C003585C8 /* mikityamaUITests */ = {
			isa = PBXNativeTarget;
			buildConfigurationList = 7227433B29A9006C003585C8 /* Build configuration list for PBXNativeTarget "mikityamaUITests" */;
			buildPhases = (
				7227432829A9006C003585C8 /* Sources */,
				7227432929A9006C003585C8 /* Frameworks */,
				7227432A29A9006C003585C8 /* Resources */,
			);
			buildRules = (
			);
			dependencies = (
				7227432E29A9006C003585C8 /* PBXTargetDependency */,
			);
			name = mikityamaUITests;
			productName = mikityamaUITests;
			productReference = 7227432C29A9006C003585C8 /* mikityamaUITests.xctest */;
			productType = "com.apple.product-type.bundle.ui-testing";
		};
/* End PBXNativeTarget section */

/* Begin PBXProject section */
		7227430329A9006B003585C8 /* Project object */ = {
			isa = PBXProject;
			attributes = {
				LastSwiftUpdateCheck = 1230;
				LastUpgradeCheck = 1230;
				TargetAttributes = {
					7227430A29A9006B003585C8 = {
						CreatedOnToolsVersion = 12.3;
					};
					7227432029A9006C003585C8 = {
						CreatedOnToolsVersion = 12.3;
						TestTargetID = 7227430A29A9006B003585C8;
					};
					7227432B29A9006C003585C8 = {
						CreatedOnToolsVersion = 12.3;
						TestTargetID = 7227430A29A9006B003585C8;
					};
				};
			};
			buildConfigurationList = 7227430629A9006B003585C8 /* Build configuration list for PBXProject "mikityama" */;
			compatibilityVersion = "Xcode 9.3";
			developmentRegion = en;
			hasScannedForEncodings = 0;
			knownRegions = (
				en,
				Base,
			);
			mainGroup = 7227430229A9006B003585C8;
			productRefGroup = 7227430C29A9006B003585C8 /* Products */;
			projectDirPath = "";
			projectRoot = "";
			targets = (
				7227430A29A9006B003585C8 /* mikityama */,
				7227432029A9006C003585C8 /* mikityamaTests */,
				7227432B29A9006C003585C8 /* mikityamaUITests */,
			);
		};
/* End PBXProject section */

/* Begin PBXResourcesBuildPhase section */
		7227430929A9006B003585C8 /* Resources */ = {
			isa = PBXResourcesBuildPhase;
			buildActionMask = 2147483647;
			files = (
				7227431B29A9006C003585C8 /* LaunchScreen.storyboard in Resources */,
				7227431829A9006C003585C8 /* Assets.xcassets in Resources */,
				7227431629A9006B003585C8 /* Main.storyboard in Resources */,
			);
			runOnlyForDeploymentPostprocessing = 0;
		};
		7227431F29A9006C003585C8 /* Resources */ = {
			isa = PBXResourcesBuildPhase;
			buildActionMask = 2147483647;
			files = (
			);
			runOnlyForDeploymentPostprocessing = 0;
		};
		7227432A29A9006C003585C8 /* Resources */ = {
			isa = PBXResourcesBuildPhase;
			buildActionMask = 2147483647;
			files = (
			);
			runOnlyForDeploymentPostprocessing = 0;
		};
/* End PBXResourcesBuildPhase section */

/* Begin PBXSourcesBuildPhase section */
		7227430729A9006B003585C8 /* Sources */ = {
			isa = PBXSourcesBuildPhase;
			buildActionMask = 2147483647;
			files = (
				7227431329A9006B003585C8 /* ViewController.swift in Sources */,
				7227430F29A9006B003585C8 /* AppDelegate.swift in Sources */,
				7227431129A9006B003585C8 /* SceneDelegate.swift in Sources */,
			);
			runOnlyForDeploymentPostprocessing = 0;
		};
		7227431D29A9006C003585C8 /* Sources */ = {
			isa = PBXSourcesBuildPhase;
			buildActionMask = 2147483647;
			files = (
				7227432629A9006C003585C8 /* mikityamaTests.swift in Sources */,
			);
			runOnlyForDeploymentPostprocessing = 0;
		};
		7227432829A9006C003585C8 /* Sources */ = {
			isa = PBXSourcesBuildPhase;
			buildActionMask = 2147483647;
			files = (
				7227433129A9006C003585C8 /* mikityamaUITests.swift in Sources */,
			);
			runOnlyForDeploymentPostprocessing = 0;
		};
/* End PBXSourcesBuildPhase section */

/* Begin PBXTargetDependency section */
		7227432329A9006C003585C8 /* PBXTargetDependency */ = {
			isa = PBXTargetDependency;
			target = 7227430A29A9006B003585C8 /* mikityama */;
			targetProxy = 7227432229A9006C003585C8 /* PBXContainerItemProxy */;
		};
		7227432E29A9006C003585C8 /* PBXTargetDependency */ = {
			isa = PBXTargetDependency;
			target = 7227430A29A9006B003585C8 /* mikityama */;
			targetProxy = 7227432D29A9006C003585C8 /* PBXContainerItemProxy */;
		};
/* End PBXTargetDependency section */

/* Begin PBXVariantGroup section */
		7227431429A9006B003585C8 /* Main.storyboard */ = {
			isa = PBXVariantGroup;
			children = (
				7227431529A9006B003585C8 /* Base */,
			);
			name = Main.storyboard;
			sourceTree = "<group>";
		};
		7227431929A9006C003585C8 /* LaunchScreen.storyboard */ = {
			isa = PBXVariantGroup;
			children = (
				7227431A29A9006C003585C8 /* Base */,
			);
			name = LaunchScreen.storyboard;
			sourceTree = "<group>";
		};
/* End PBXVariantGroup section */

/* Begin XCBuildConfiguration section */
		7227433329A9006C003585C8 /* Debug */ = {
			isa = XCBuildConfiguration;
			buildSettings = {
				ALWAYS_SEARCH_USER_PATHS = NO;
				CLANG_ANALYZER_NONNULL = YES;
				CLANG_ANALYZER_NUMBER_OBJECT_CONVERSION = YES_AGGRESSIVE;
				CLANG_CXX_LANGUAGE_STANDARD = "gnu++14";
				CLANG_CXX_LIBRARY = "libc++";
				CLANG_ENABLE_MODULES = YES;
				CLANG_ENABLE_OBJC_ARC = YES;
				CLANG_ENABLE_OBJC_WEAK = YES;
				CLANG_WARN_BLOCK_CAPTURE_AUTORELEASING = YES;
				CLANG_WARN_BOOL_CONVERSION = YES;
				CLANG_WARN_COMMA = YES;
				CLANG_WARN_CONSTANT_CONVERSION = YES;
				CLANG_WARN_DEPRECATED_OBJC_IMPLEMENTATIONS = YES;
				CLANG_WARN_DIRECT_OBJC_ISA_USAGE = YES_ERROR;
				CLANG_WARN_DOCUMENTATION_COMMENTS = YES;
				CLANG_WARN_EMPTY_BODY = YES;
				CLANG_WARN_ENUM_CONVERSION = YES;
				CLANG_WARN_INFINITE_RECURSION = YES;
				CLANG_WARN_INT_CONVERSION = YES;
				CLANG_WARN_NON_LITERAL_NULL_CONVERSION = YES;
				CLANG_WARN_OBJC_IMPLICIT_RETAIN_SELF = YES;
				CLANG_WARN_OBJC_LITERAL_CONVERSION = YES;
				CLANG_WARN_OBJC_ROOT_CLASS = YES_ERROR;
				CLANG_WARN_QUOTED_INCLUDE_IN_FRAMEWORK_HEADER = YES;
				CLANG_WARN_RANGE_LOOP_ANALYSIS = YES;
				CLANG_WARN_STRICT_PROTOTYPES = YES;
				CLANG_WARN_SUSPICIOUS_MOVE = YES;
				CLANG_WARN_UNGUARDED_AVAILABILITY = YES_AGGRESSIVE;
				CLANG_WARN_UNREACHABLE_CODE = YES;
				CLANG_WARN__DUPLICATE_METHOD_MATCH = YES;
				COPY_PHASE_STRIP = NO;
				DEBUG_INFORMATION_FORMAT = dwarf;
				ENABLE_STRICT_OBJC_MSGSEND = YES;
				ENABLE_TESTABILITY = YES;
				GCC_C_LANGUAGE_STANDARD = gnu11;
				GCC_DYNAMIC_NO_PIC = NO;
				GCC_NO_COMMON_BLOCKS = YES;
				GCC_OPTIMIZATION_LEVEL = 0;
				GCC_PREPROCESSOR_DEFINITIONS = (
					"DEBUG=1",
					"$(inherited)",
				);
				GCC_WARN_64_TO_32_BIT_CONVERSION = YES;
				GCC_WARN_ABOUT_RETURN_TYPE = YES_ERROR;
				GCC_WARN_UNDECLARED_SELECTOR = YES;
				GCC_WARN_UNINITIALIZED_AUTOS = YES_AGGRESSIVE;
				GCC_WARN_UNUSED_FUNCTION = YES;
				GCC_WARN_UNUSED_VARIABLE = YES;
				IPHONEOS_DEPLOYMENT_TARGET = 14.3;
				MTL_ENABLE_DEBUG_INFO = INCLUDE_SOURCE;
				MTL_FAST_MATH = YES;
				ONLY_ACTIVE_ARCH = YES;
				SDKROOT = iphoneos;
				SWIFT_ACTIVE_COMPILATION_CONDITIONS = DEBUG;
				SWIFT_OPTIMIZATION_LEVEL = "-Onone";
			};
			name = Debug;
		};
		7227433429A9006C003585C8 /* Release */ = {
			isa = XCBuildConfiguration;
			buildSettings = {
				ALWAYS_SEARCH_USER_PATHS = NO;
				CLANG_ANALYZER_NONNULL = YES;
				CLANG_ANALYZER_NUMBER_OBJECT_CONVERSION = YES_AGGRESSIVE;
				CLANG_CXX_LANGUAGE_STANDARD = "gnu++14";
				CLANG_CXX_LIBRARY = "libc++";
				CLANG_ENABLE_MODULES = YES;
				CLANG_ENABLE_OBJC_ARC = YES;
				CLANG_ENABLE_OBJC_WEAK = YES;
				CLANG_WARN_BLOCK_CAPTURE_AUTORELEASING = YES;
				CLANG_WARN_BOOL_CONVERSION = YES;
				CLANG_WARN_COMMA = YES;
				CLANG_WARN_CONSTANT_CONVERSION = YES;
				CLANG_WARN_DEPRECATED_OBJC_IMPLEMENTATIONS = YES;
				CLANG_WARN_DIRECT_OBJC_ISA_USAGE = YES_ERROR;
				CLANG_WARN_DOCUMENTATION_COMMENTS = YES;
				CLANG_WARN_EMPTY_BODY = YES;
				CLANG_WARN_ENUM_CONVERSION = YES;
				CLANG_WARN_INFINITE_RECURSION = YES;
				CLANG_WARN_INT_CONVERSION = YES;
				CLANG_WARN_NON_LITERAL_NULL_CONVERSION = YES;
				CLANG_WARN_OBJC_IMPLICIT_RETAIN_SELF = YES;
				CLANG_WARN_OBJC_LITERAL_CONVERSION = YES;
				CLANG_WARN_OBJC_ROOT_CLASS = YES_ERROR;
				CLANG_WARN_QUOTED_INCLUDE_IN_FRAMEWORK_HEADER = YES;
				CLANG_WARN_RANGE_LOOP_ANALYSIS = YES;
				CLANG_WARN_STRICT_PROTOTYPES = YES;
				CLANG_WARN_SUSPICIOUS_MOVE = YES;
				CLANG_WARN_UNGUARDED_AVAILABILITY = YES_AGGRESSIVE;
				CLANG_WARN_UNREACHABLE_CODE = YES;
				CLANG_WARN__DUPLICATE_METHOD_MATCH = YES;
				COPY_PHASE_STRIP = NO;
				DEBUG_INFORMATION_FORMAT = "dwarf-with-dsym";
				ENABLE_NS_ASSERTIONS = NO;
				ENABLE_STRICT_OBJC_MSGSEND = YES;
				GCC_C_LANGUAGE_STANDARD = gnu11;
				GCC_NO_COMMON_BLOCKS = YES;
				GCC_WARN_64_TO_32_BIT_CONVERSION = YES;
				GCC_WARN_ABOUT_RETURN_TYPE = YES_ERROR;
				GCC_WARN_UNDECLARED_SELECTOR = YES;
				GCC_WARN_UNINITIALIZED_AUTOS = YES_AGGRESSIVE;
				GCC_WARN_UNUSED_FUNCTION = YES;
				GCC_WARN_UNUSED_VARIABLE = YES;
				IPHONEOS_DEPLOYMENT_TARGET = 14.3;
				MTL_ENABLE_DEBUG_INFO = NO;
				MTL_FAST_MATH = YES;
				SDKROOT = iphoneos;
				SWIFT_COMPILATION_MODE = wholemodule;
				SWIFT_OPTIMIZATION_LEVEL = "-O";
				VALIDATE_PRODUCT = YES;
			};
			name = Release;
		};
		7227433629A9006C003585C8 /* Debug */ = {
			isa = XCBuildConfiguration;
			buildSettings = {
				ASSETCATALOG_COMPILER_APPICON_NAME = AppIcon;
				ASSETCATALOG_COMPILER_GLOBAL_ACCENT_COLOR_NAME = AccentColor;
				CODE_SIGN_STYLE = Automatic;
				DEVELOPMENT_TEAM = DJ5269D7TR;
				INFOPLIST_FILE = mikityama/Info.plist;
				LD_RUNPATH_SEARCH_PATHS = (
					"$(inherited)",
					"@executable_path/Frameworks",
				);
				PRODUCT_BUNDLE_IDENTIFIER = mikijuku.mikityama;
				PRODUCT_NAME = "$(TARGET_NAME)";
				SWIFT_VERSION = 5.0;
				TARGETED_DEVICE_FAMILY = "1,2";
			};
			name = Debug;
		};
		7227433729A9006C003585C8 /* Release */ = {
			isa = XCBuildConfiguration;
			buildSettings = {
				ASSETCATALOG_COMPILER_APPICON_NAME = AppIcon;
				ASSETCATALOG_COMPILER_GLOBAL_ACCENT_COLOR_NAME = AccentColor;
				CODE_SIGN_STYLE = Automatic;
				DEVELOPMENT_TEAM = DJ5269D7TR;
				INFOPLIST_FILE = mikityama/Info.plist;
				LD_RUNPATH_SEARCH_PATHS = (
					"$(inherited)",
					"@executable_path/Frameworks",
				);
				PRODUCT_BUNDLE_IDENTIFIER = mikijuku.mikityama;
				PRODUCT_NAME = "$(TARGET_NAME)";
				SWIFT_VERSION = 5.0;
				TARGETED_DEVICE_FAMILY = "1,2";
			};
			name = Release;
		};
		7227433929A9006C003585C8 /* Debug */ = {
			isa = XCBuildConfiguration;
			buildSettings = {
				ALWAYS_EMBED_SWIFT_STANDARD_LIBRARIES = YES;
				BUNDLE_LOADER = "$(TEST_HOST)";
				CODE_SIGN_STYLE = Automatic;
				DEVELOPMENT_TEAM = DJ5269D7TR;
				INFOPLIST_FILE = mikityamaTests/Info.plist;
				IPHONEOS_DEPLOYMENT_TARGET = 14.3;
				LD_RUNPATH_SEARCH_PATHS = (
					"$(inherited)",
					"@executable_path/Frameworks",
					"@loader_path/Frameworks",
				);
				PRODUCT_BUNDLE_IDENTIFIER = mikijuku.mikityamaTests;
				PRODUCT_NAME = "$(TARGET_NAME)";
				SWIFT_VERSION = 5.0;
				TARGETED_DEVICE_FAMILY = "1,2";
				TEST_HOST = "$(BUILT_PRODUCTS_DIR)/mikityama.app/mikityama";
			};
			name = Debug;
		};
		7227433A29A9006C003585C8 /* Release */ = {
			isa = XCBuildConfiguration;
			buildSettings = {
				ALWAYS_EMBED_SWIFT_STANDARD_LIBRARIES = YES;
				BUNDLE_LOADER = "$(TEST_HOST)";
				CODE_SIGN_STYLE = Automatic;
				DEVELOPMENT_TEAM = DJ5269D7TR;
				INFOPLIST_FILE = mikityamaTests/Info.plist;
				IPHONEOS_DEPLOYMENT_TARGET = 14.3;
				LD_RUNPATH_SEARCH_PATHS = (
					"$(inherited)",
					"@executable_path/Frameworks",
					"@loader_path/Frameworks",
				);
				PRODUCT_BUNDLE_IDENTIFIER = mikijuku.mikityamaTests;
				PRODUCT_NAME = "$(TARGET_NAME)";
				SWIFT_VERSION = 5.0;
				TARGETED_DEVICE_FAMILY = "1,2";
				TEST_HOST = "$(BUILT_PRODUCTS_DIR)/mikityama.app/mikityama";
			};
			name = Release;
		};
		7227433C29A9006C003585C8 /* Debug */ = {
			isa = XCBuildConfiguration;
			buildSettings = {
				ALWAYS_EMBED_SWIFT_STANDARD_LIBRARIES = YES;
				CODE_SIGN_STYLE = Automatic;
				DEVELOPMENT_TEAM = DJ5269D7TR;
				INFOPLIST_FILE = mikityamaUITests/Info.plist;
				LD_RUNPATH_SEARCH_PATHS = (
					"$(inherited)",
					"@executable_path/Frameworks",
					"@loader_path/Frameworks",
				);
				PRODUCT_BUNDLE_IDENTIFIER = mikijuku.mikityamaUITests;
				PRODUCT_NAME = "$(TARGET_NAME)";
				SWIFT_VERSION = 5.0;
				TARGETED_DEVICE_FAMILY = "1,2";
				TEST_TARGET_NAME = mikityama;
			};
			name = Debug;
		};
		7227433D29A9006C003585C8 /* Release */ = {
			isa = XCBuildConfiguration;
			buildSettings = {
				ALWAYS_EMBED_SWIFT_STANDARD_LIBRARIES = YES;
				CODE_SIGN_STYLE = Automatic;
				DEVELOPMENT_TEAM = DJ5269D7TR;
				INFOPLIST_FILE = mikityamaUITests/Info.plist;
				LD_RUNPATH_SEARCH_PATHS = (
					"$(inherited)",
					"@executable_path/Frameworks",
					"@loader_path/Frameworks",
				);
				PRODUCT_BUNDLE_IDENTIFIER = mikijuku.mikityamaUITests;
				PRODUCT_NAME = "$(TARGET_NAME)";
				SWIFT_VERSION = 5.0;
				TARGETED_DEVICE_FAMILY = "1,2";
				TEST_TARGET_NAME = mikityama;
			};
			name = Release;
		};
/* End XCBuildConfiguration section */

/* Begin XCConfigurationList section */
		7227430629A9006B003585C8 /* Build configuration list for PBXProject "mikityama" */ = {
			isa = XCConfigurationList;
			buildConfigurations = (
				7227433329A9006C003585C8 /* Debug */,
				7227433429A9006C003585C8 /* Release */,
			);
			defaultConfigurationIsVisible = 0;
			defaultConfigurationName = Release;
		};
		7227433529A9006C003585C8 /* Build configuration list for PBXNativeTarget "mikityama" */ = {
			isa = XCConfigurationList;
			buildConfigurations = (
				7227433629A9006C003585C8 /* Debug */,
				7227433729A9006C003585C8 /* Release */,
			);
			defaultConfigurationIsVisible = 0;
			defaultConfigurationName = Release;
		};
		7227433829A9006C003585C8 /* Build configuration list for PBXNativeTarget "mikityamaTests" */ = {
			isa = XCConfigurationList;
			buildConfigurations = (
				7227433929A9006C003585C8 /* Debug */,
				7227433A29A9006C003585C8 /* Release */,
			);
			defaultConfigurationIsVisible = 0;
			defaultConfigurationName = Release;
		};
		7227433B29A9006C003585C8 /* Build configuration list for PBXNativeTarget "mikityamaUITests" */ = {
			isa = XCConfigurationList;
			buildConfigurations = (
				7227433C29A9006C003585C8 /* Debug */,
				7227433D29A9006C003585C8 /* Release */,
			);
			defaultConfigurationIsVisible = 0;
			defaultConfigurationName = Release;
		};
/* End XCConfigurationList section */
	};
	rootObject = 7227430329A9006B003585C8 /* Project object */;
}
